
Microsoft Visual Studio Solution File, Format Version 12.00
# Visual Studio Version 16
VisualStudioVersion = 16.0.29306.81
MinimumVisualStudioVersion = 10.0.40219.1
Project("{FAE04EC0-301F-11D3-BF4B-00C04F79EFBC}") = "WPFArchive", "WPFArchive\WPFArchive.csproj", "{9F72A597-605E-4E7D-88E4-7104058D87ED}"
EndProject
Global
	GlobalSection(SolutionConfigurationPlatforms) = preSolution
		Debug|Any CPU = Debug|Any CPU
		Release|Any CPU = Release|Any CPU
	EndGlobalSection
	GlobalSection(ProjectConfigurationPlatforms) = postSolution
		{9F72A597-605E-4E7D-88E4-7104058D87ED}.Debug|Any CPU.ActiveCfg = Debug|Any CPU
		{9F72A597-605E-4E7D-88E4-7104058D87ED}.Debug|Any CPU.Build.0 = Debug|Any CPU
		{9F72A597-605E-4E7D-88E4-7104058D87ED}.Release|Any CPU.ActiveCfg = Release|Any CPU
		{9F72A597-605E-4E7D-88E4-7104058D87ED}.Release|Any CPU.Build.0 = Release|Any CPU
	EndGlobalSection
	GlobalSection(SolutionProperties) = preSolution
		HideSolutionNode = FALSE
	EndGlobalSection
	GlobalSection(ExtensibilityGlobals) = postSolution
		SolutionGuid = {8CDB8308-4798-4961-94B6-6C158FFAE7B6}
	EndGlobalSection
EndGlobal
